// !$*UTF8*$!
{
	archiveVersion = 1;
	classes = {
	};
	objectVersion = 46;
	objects = {

/* Begin PBXBuildFile section */
		09CDE02E1B0EDF85008FD349 /* AppDelegate.swift in Sources */ = {isa = PBXBuildFile; fileRef = 09CDE02D1B0EDF85008FD349 /* AppDelegate.swift */; };
		09CDE0301B0EDF85008FD349 /* ViewController.swift in Sources */ = {isa = PBXBuildFile; fileRef = 09CDE02F1B0EDF85008FD349 /* ViewController.swift */; };
		09CDE0331B0EDF85008FD349 /* Main.storyboard in Resources */ = {isa = PBXBuildFile; fileRef = 09CDE0311B0EDF85008FD349 /* Main.storyboard */; };
		09CDE0351B0EDF85008FD349 /* Images.xcassets in Resources */ = {isa = PBXBuildFile; fileRef = 09CDE0341B0EDF85008FD349 /* Images.xcassets */; };
		09CDE0381B0EDF85008FD349 /* LaunchScreen.xib in Resources */ = {isa = PBXBuildFile; fileRef = 09CDE0361B0EDF85008FD349 /* LaunchScreen.xib */; };
		09CDE0441B0EDF85008FD349 /* karamatsuTests.swift in Sources */ = {isa = PBXBuildFile; fileRef = 09CDE0431B0EDF85008FD349 /* karamatsuTests.swift */; };
/* End PBXBuildFile section */

/* Begin PBXContainerItemProxy section */
		09CDE03E1B0EDF85008FD349 /* PBXContainerItemProxy */ = {
			isa = PBXContainerItemProxy;
			containerPortal = 09CDE0201B0EDF85008FD349 /* Project object */;
			proxyType = 1;
			remoteGlobalIDString = 09CDE0271B0EDF85008FD349;
			remoteInfo = karamatsu;
		};
/* End PBXContainerItemProxy section */

/* Begin PBXFileReference section */
		09CDE0281B0EDF85008FD349 /* karamatsu.app */ = {isa = PBXFileReference; explicitFileType = wrapper.application; includeInIndex = 0; path = karamatsu.app; sourceTree = BUILT_PRODUCTS_DIR; };
		09CDE02C1B0EDF85008FD349 /* Info.plist */ = {isa = PBXFileReference; lastKnownFileType = text.plist.xml; path = Info.plist; sourceTree = "<group>"; };
		09CDE02D1B0EDF85008FD349 /* AppDelegate.swift */ = {isa = PBXFileReference; lastKnownFileType = sourcecode.swift; path = AppDelegate.swift; sourceTree = "<group>"; };
		09CDE02F1B0EDF85008FD349 /* ViewController.swift */ = {isa = PBXFileReference; lastKnownFileType = sourcecode.swift; path = ViewController.swift; sourceTree = "<group>"; };
		09CDE0321B0EDF85008FD349 /* Base */ = {isa = PBXFileReference; lastKnownFileType = file.storyboard; name = Base; path = Base.lproj/Main.storyboard; sourceTree = "<group>"; };
		09CDE0341B0EDF85008FD349 /* Images.xcassets */ = {isa = PBXFileReference; lastKnownFileType = folder.assetcatalog; path = Images.xcassets; sourceTree = "<group>"; };
		09CDE0371B0EDF85008FD349 /* Base */ = {isa = PBXFileReference; lastKnownFileType = file.xib; name = Base; path = Base.lproj/LaunchScreen.xib; sourceTree = "<group>"; };
		09CDE03D1B0EDF85008FD349 /* karamatsuTests.xctest */ = {isa = PBXFileReference; explicitFileType = wrapper.cfbundle; includeInIndex = 0; path = karamatsuTests.xctest; sourceTree = BUILT_PRODUCTS_DIR; };
		09CDE0421B0EDF85008FD349 /* Info.plist */ = {isa = PBXFileReference; lastKnownFileType = text.plist.xml; path = Info.plist; sourceTree = "<group>"; };
		09CDE0431B0EDF85008FD349 /* karamatsuTests.swift */ = {isa = PBXFileReference; lastKnownFileType = sourcecode.swift; path = karamatsuTests.swift; sourceTree = "<group>"; };
/* End PBXFileReference section */

/* Begin PBXFrameworksBuildPhase section */
		09CDE0251B0EDF85008FD349 /* Frameworks */ = {
			isa = PBXFrameworksBuildPhase;
			buildActionMask = 2147483647;
			files = (
			);
			runOnlyForDeploymentPostprocessing = 0;
		};
		09CDE03A1B0EDF85008FD349 /* Frameworks */ = {
			isa = PBXFrameworksBuildPhase;
			buildActionMask = 2147483647;
			files = (
			);
			runOnlyForDeploymentPostprocessing = 0;
		};
/* End PBXFrameworksBuildPhase section */

/* Begin PBXGroup section */
		09CDE01F1B0EDF85008FD349 = {
			isa = PBXGroup;
			children = (
				09CDE02A1B0EDF85008FD349 /* karamatsu */,
				09CDE0401B0EDF85008FD349 /* karamatsuTests */,
				09CDE0291B0EDF85008FD349 /* Products */,
			);
			sourceTree = "<group>";
		};
		09CDE0291B0EDF85008FD349 /* Products */ = {
			isa = PBXGroup;
			children = (
				09CDE0281B0EDF85008FD349 /* karamatsu.app */,
				09CDE03D1B0EDF85008FD349 /* karamatsuTests.xctest */,
			);
			name = Products;
			sourceTree = "<group>";
		};
		09CDE02A1B0EDF85008FD349 /* karamatsu */ = {
			isa = PBXGroup;
			children = (
				09CDE02D1B0EDF85008FD349 /* AppDelegate.swift */,
				09CDE02F1B0EDF85008FD349 /* ViewController.swift */,
				09CDE0311B0EDF85008FD349 /* Main.storyboard */,
				09CDE0341B0EDF85008FD349 /* Images.xcassets */,
				09CDE0361B0EDF85008FD349 /* LaunchScreen.xib */,
				09CDE02B1B0EDF85008FD349 /* Supporting Files */,
			);
			path = karamatsu;
			sourceTree = "<group>";
		};
		09CDE02B1B0EDF85008FD349 /* Supporting Files */ = {
			isa = PBXGroup;
			children = (
				09CDE02C1B0EDF85008FD349 /* Info.plist */,
			);
			name = "Supporting Files";
			sourceTree = "<group>";
		};
		09CDE0401B0EDF85008FD349 /* karamatsuTests */ = {
			isa = PBXGroup;
			children = (
				09CDE0431B0EDF85008FD349 /* karamatsuTests.swift */,
				09CDE0411B0EDF85008FD349 /* Supporting Files */,
			);
			path = karamatsuTests;
			sourceTree = "<group>";
		};
		09CDE0411B0EDF85008FD349 /* Supporting Files */ = {
			isa = PBXGroup;
			children = (
				09CDE0421B0EDF85008FD349 /* Info.plist */,
			);
			name = "Supporting Files";
			sourceTree = "<group>";
		};
/* End PBXGroup section */

/* Begin PBXNativeTarget section */
		09CDE0271B0EDF85008FD349 /* karamatsu */ = {
			isa = PBXNativeTarget;
			buildConfigurationList = 09CDE0471B0EDF85008FD349 /* Build configuration list for PBXNativeTarget "karamatsu" */;
			buildPhases = (
				09CDE0241B0EDF85008FD349 /* Sources */,
				09CDE0251B0EDF85008FD349 /* Frameworks */,
				09CDE0261B0EDF85008FD349 /* Resources */,
			);
			buildRules = (
			);
			dependencies = (
			);
			name = karamatsu;
			productName = karamatsu;
			productReference = 09CDE0281B0EDF85008FD349 /* karamatsu.app */;
			productType = "com.apple.product-type.application";
		};
		09CDE03C1B0EDF85008FD349 /* karamatsuTests */ = {
			isa = PBXNativeTarget;
			buildConfigurationList = 09CDE04A1B0EDF85008FD349 /* Build configuration list for PBXNativeTarget "karamatsuTests" */;
			buildPhases = (
				09CDE0391B0EDF85008FD349 /* Sources */,
				09CDE03A1B0EDF85008FD349 /* Frameworks */,
				09CDE03B1B0EDF85008FD349 /* Resources */,
			);
			buildRules = (
			);
			dependencies = (
				09CDE03F1B0EDF85008FD349 /* PBXTargetDependency */,
			);
			name = karamatsuTests;
			productName = karamatsuTests;
			productReference = 09CDE03D1B0EDF85008FD349 /* karamatsuTests.xctest */;
			productType = "com.apple.product-type.bundle.unit-test";
		};
/* End PBXNativeTarget section */

/* Begin PBXProject section */
		09CDE0201B0EDF85008FD349 /* Project object */ = {
			isa = PBXProject;
			attributes = {
				LastUpgradeCheck = 0630;
				ORGANIZATIONNAME = hirogwa;
				TargetAttributes = {
					09CDE0271B0EDF85008FD349 = {
						CreatedOnToolsVersion = 6.3.2;
					};
					09CDE03C1B0EDF85008FD349 = {
						CreatedOnToolsVersion = 6.3.2;
						TestTargetID = 09CDE0271B0EDF85008FD349;
					};
				};
			};
			buildConfigurationList = 09CDE0231B0EDF85008FD349 /* Build configuration list for PBXProject "karamatsu" */;
			compatibilityVersion = "Xcode 3.2";
			developmentRegion = English;
			hasScannedForEncodings = 0;
			knownRegions = (
				en,
				Base,
			);
			mainGroup = 09CDE01F1B0EDF85008FD349;
			productRefGroup = 09CDE0291B0EDF85008FD349 /* Products */;
			projectDirPath = "";
			projectRoot = "";
			targets = (
				09CDE0271B0EDF85008FD349 /* karamatsu */,
				09CDE03C1B0EDF85008FD349 /* karamatsuTests */,
			);
		};
/* End PBXProject section */

/* Begin PBXResourcesBuildPhase section */
		09CDE0261B0EDF85008FD349 /* Resources */ = {
			isa = PBXResourcesBuildPhase;
			buildActionMask = 2147483647;
			files = (
				09CDE0331B0EDF85008FD349 /* Main.storyboard in Resources */,
				09CDE0381B0EDF85008FD349 /* LaunchScreen.xib in Resources */,
				09CDE0351B0EDF85008FD349 /* Images.xcassets in Resources */,
			);
			runOnlyForDeploymentPostprocessing = 0;
		};
		09CDE03B1B0EDF85008FD349 /* Resources */ = {
			isa = PBXResourcesBuildPhase;
			buildActionMask = 2147483647;
			files = (
			);
			runOnlyForDeploymentPostprocessing = 0;
		};
/* End PBXResourcesBuildPhase section */

/* Begin PBXSourcesBuildPhase section */
		09CDE0241B0EDF85008FD349 /* Sources */ = {
			isa = PBXSourcesBuildPhase;
			buildActionMask = 2147483647;
			files = (
				09CDE0301B0EDF85008FD349 /* ViewController.swift in Sources */,
				09CDE02E1B0EDF85008FD349 /* AppDelegate.swift in Sources */,
			);
			runOnlyForDeploymentPostprocessing = 0;
		};
		09CDE0391B0EDF85008FD349 /* Sources */ = {
			isa = PBXSourcesBuildPhase;
			buildActionMask = 2147483647;
			files = (
				09CDE0441B0EDF85008FD349 /* karamatsuTests.swift in Sources */,
			);
			runOnlyForDeploymentPostprocessing = 0;
		};
/* End PBXSourcesBuildPhase section */

/* Begin PBXTargetDependency section */
		09CDE03F1B0EDF85008FD349 /* PBXTargetDependency */ = {
			isa = PBXTargetDependency;
			target = 09CDE0271B0EDF85008FD349 /* karamatsu */;
			targetProxy = 09CDE03E1B0EDF85008FD349 /* PBXContainerItemProxy */;
		};
/* End PBXTargetDependency section */

/* Begin PBXVariantGroup section */
		09CDE0311B0EDF85008FD349 /* Main.storyboard */ = {
			isa = PBXVariantGroup;
			children = (
				09CDE0321B0EDF85008FD349 /* Base */,
			);
			name = Main.storyboard;
			sourceTree = "<group>";
		};
		09CDE0361B0EDF85008FD349 /* LaunchScreen.xib */ = {
			isa = PBXVariantGroup;
			children = (
				09CDE0371B0EDF85008FD349 /* Base */,
			);
			name = LaunchScreen.xib;
			sourceTree = "<group>";
		};
/* End PBXVariantGroup section */

/* Begin XCBuildConfiguration section */
		09CDE0451B0EDF85008FD349 /* Debug */ = {
			isa = XCBuildConfiguration;
			buildSettings = {
				ALWAYS_SEARCH_USER_PATHS = NO;
				CLANG_CXX_LANGUAGE_STANDARD = "gnu++0x";
				CLANG_CXX_LIBRARY = "libc++";
				CLANG_ENABLE_MODULES = YES;
				CLANG_ENABLE_OBJC_ARC = YES;
				CLANG_WARN_BOOL_CONVERSION = YES;
				CLANG_WARN_CONSTANT_CONVERSION = YES;
				CLANG_WARN_DIRECT_OBJC_ISA_USAGE = YES_ERROR;
				CLANG_WARN_EMPTY_BODY = YES;
				CLANG_WARN_ENUM_CONVERSION = YES;
				CLANG_WARN_INT_CONVERSION = YES;
				CLANG_WARN_OBJC_ROOT_CLASS = YES_ERROR;
				CLANG_WARN_UNREACHABLE_CODE = YES;
				CLANG_WARN__DUPLICATE_METHOD_MATCH = YES;
				"CODE_SIGN_IDENTITY[sdk=iphoneos*]" = "iPhone Developer";
				COPY_PHASE_STRIP = NO;
				DEBUG_INFORMATION_FORMAT = "dwarf-with-dsym";
				ENABLE_STRICT_OBJC_MSGSEND = YES;
				GCC_C_LANGUAGE_STANDARD = gnu99;
				GCC_DYNAMIC_NO_PIC = NO;
				GCC_NO_COMMON_BLOCKS = YES;
				GCC_OPTIMIZATION_LEVEL = 0;
				GCC_PREPROCESSOR_DEFINITIONS = (
					"DEBUG=1",
					"$(inherited)",
				);
				GCC_SYMBOLS_PRIVATE_EXTERN = NO;
				GCC_WARN_64_TO_32_BIT_CONVERSION = YES;
				GCC_WARN_ABOUT_RETURN_TYPE = YES_ERROR;
				GCC_WARN_UNDECLARED_SELECTOR = YES;
				GCC_WARN_UNINITIALIZED_AUTOS = YES_AGGRESSIVE;
				GCC_WARN_UNUSED_FUNCTION = YES;
				GCC_WARN_UNUSED_VARIABLE = YES;
				IPHONEOS_DEPLOYMENT_TARGET = 8.3;
				MTL_ENABLE_DEBUG_INFO = YES;
				ONLY_ACTIVE_ARCH = YES;
				SDKROOT = iphoneos;
				SWIFT_OPTIMIZATION_LEVEL = "-Onone";
				TARGETED_DEVICE_FAMILY = "1,2";
			};
			name = Debug;
		};
		09CDE0461B0EDF85008FD349 /* Release */ = {
			isa = XCBuildConfiguration;
			buildSettings = {
				ALWAYS_SEARCH_USER_PATHS = NO;
				CLANG_CXX_LANGUAGE_STANDARD = "gnu++0x";
				CLANG_CXX_LIBRARY = "libc++";
				CLANG_ENABLE_MODULES = YES;
				CLANG_ENABLE_OBJC_ARC = YES;
				CLANG_WARN_BOOL_CONVERSION = YES;
				CLANG_WARN_CONSTANT_CONVERSION = YES;
				CLANG_WARN_DIRECT_OBJC_ISA_USAGE = YES_ERROR;
				CLANG_WARN_EMPTY_BODY = YES;
				CLANG_WARN_ENUM_CONVERSION = YES;
				CLANG_WARN_INT_CONVERSION = YES;
				CLANG_WARN_OBJC_ROOT_CLASS = YES_ERROR;
				CLANG_WARN_UNREACHABLE_CODE = YES;
				CLANG_WARN__DUPLICATE_METHOD_MATCH = YES;
				"CODE_SIGN_IDENTITY[sdk=iphoneos*]" = "iPhone Developer";
				COPY_PHASE_STRIP = NO;
				DEBUG_INFORMATION_FORMAT = "dwarf-with-dsym";
				ENABLE_NS_ASSERTIONS = NO;
				ENABLE_STRICT_OBJC_MSGSEND = YES;
				GCC_C_LANGUAGE_STANDARD = gnu99;
				GCC_NO_COMMON_BLOCKS = YES;
				GCC_WARN_64_TO_32_BIT_CONVERSION = YES;
				GCC_WARN_ABOUT_RETURN_TYPE = YES_ERROR;
				GCC_WARN_UNDECLARED_SELECTOR = YES;
				GCC_WARN_UNINITIALIZED_AUTOS = YES_AGGRESSIVE;
				GCC_WARN_UNUSED_FUNCTION = YES;
				GCC_WARN_UNUSED_VARIABLE = YES;
				IPHONEOS_DEPLOYMENT_TARGET = 8.3;
				MTL_ENABLE_DEBUG_INFO = NO;
				SDKROOT = iphoneos;
				TARGETED_DEVICE_FAMILY = "1,2";
				VALIDATE_PRODUCT = YES;
			};
			name = Release;
		};
		09CDE0481B0EDF85008FD349 /* Debug */ = {
			isa = XCBuildConfiguration;
			buildSettings = {
				ASSETCATALOG_COMPILER_APPICON_NAME = AppIcon;
				INFOPLIST_FILE = karamatsu/Info.plist;
				LD_RUNPATH_SEARCH_PATHS = "$(inherited) @executable_path/Frameworks";
				PRODUCT_NAME = "$(TARGET_NAME)";
			};
			name = Debug;
		};
		09CDE0491B0EDF85008FD349 /* Release */ = {
			isa = XCBuildConfiguration;
			buildSettings = {
				ASSETCATALOG_COMPILER_APPICON_NAME = AppIcon;
				INFOPLIST_FILE = karamatsu/Info.plist;
				LD_RUNPATH_SEARCH_PATHS = "$(inherited) @executable_path/Frameworks";
				PRODUCT_NAME = "$(TARGET_NAME)";
			};
			name = Release;
		};
		09CDE04B1B0EDF85008FD349 /* Debug */ = {
			isa = XCBuildConfiguration;
			buildSettings = {
				BUNDLE_LOADER = "$(TEST_HOST)";
				FRAMEWORK_SEARCH_PATHS = (
					"$(SDKROOT)/Developer/Library/Frameworks",
					"$(inherited)",
				);
				GCC_PREPROCESSOR_DEFINITIONS = (
					"DEBUG=1",
					"$(inherited)",
				);
				INFOPLIST_FILE = karamatsuTests/Info.plist;
				LD_RUNPATH_SEARCH_PATHS = "$(inherited) @executable_path/Frameworks @loader_path/Frameworks";
				PRODUCT_NAME = "$(TARGET_NAME)";
				TEST_HOST = "$(BUILT_PRODUCTS_DIR)/karamatsu.app/karamatsu";
			};
			name = Debug;
		};
		09CDE04C1B0EDF85008FD349 /* Release */ = {
			isa = XCBuildConfiguration;
			buildSettings = {
				BUNDLE_LOADER = "$(TEST_HOST)";
				FRAMEWORK_SEARCH_PATHS = (
					"$(SDKROOT)/Developer/Library/Frameworks",
					"$(inherited)",
				);
				INFOPLIST_FILE = karamatsuTests/Info.plist;
				LD_RUNPATH_SEARCH_PATHS = "$(inherited) @executable_path/Frameworks @loader_path/Frameworks";
				PRODUCT_NAME = "$(TARGET_NAME)";
				TEST_HOST = "$(BUILT_PRODUCTS_DIR)/karamatsu.app/karamatsu";
			};
			name = Release;
		};
/* End XCBuildConfiguration section */

/* Begin XCConfigurationList section */
		09CDE0231B0EDF85008FD349 /* Build configuration list for PBXProject "karamatsu" */ = {
			isa = XCConfigurationList;
			buildConfigurations = (
				09CDE0451B0EDF85008FD349 /* Debug */,
				09CDE0461B0EDF85008FD349 /* Release */,
			);
			defaultConfigurationIsVisible = 0;
			defaultConfigurationName = Release;
		};
		09CDE0471B0EDF85008FD349 /* Build configuration list for PBXNativeTarget "karamatsu" */ = {
			isa = XCConfigurationList;
			buildConfigurations = (
				09CDE0481B0EDF85008FD349 /* Debug */,
				09CDE0491B0EDF85008FD349 /* Release */,
			);
			defaultConfigurationIsVisible = 0;
		};
		09CDE04A1B0EDF85008FD349 /* Build configuration list for PBXNativeTarget "karamatsuTests" */ = {
			isa = XCConfigurationList;
			buildConfigurations = (
				09CDE04B1B0EDF85008FD349 /* Debug */,
				09CDE04C1B0EDF85008FD349 /* Release */,
			);
			defaultConfigurationIsVisible = 0;
		};
/* End XCConfigurationList section */
	};
	rootObject = 09CDE0201B0EDF85008FD349 /* Project object */;
}
